// !$*UTF8*$!
{
	archiveVersion = 1;
	classes = {
	};
	objectVersion = 56;
	objects = {

/* Begin PBXBuildFile section */
		337FB8DF28F0FA9F006C5776 /* LandmarksApp.swift in Sources */ = {isa = PBXBuildFile; fileRef = 337FB8DE28F0FA9F006C5776 /* LandmarksApp.swift */; };
		337FB8E128F0FA9F006C5776 /* ContentView.swift in Sources */ = {isa = PBXBuildFile; fileRef = 337FB8E028F0FA9F006C5776 /* ContentView.swift */; };
		337FB8E328F0FAA0006C5776 /* Assets.xcassets in Resources */ = {isa = PBXBuildFile; fileRef = 337FB8E228F0FAA0006C5776 /* Assets.xcassets */; };
		337FB8E628F0FAA0006C5776 /* Preview Assets.xcassets in Resources */ = {isa = PBXBuildFile; fileRef = 337FB8E528F0FAA0006C5776 /* Preview Assets.xcassets */; };
		337FB8F028F0FAA0006C5776 /* LandmarksTests.swift in Sources */ = {isa = PBXBuildFile; fileRef = 337FB8EF28F0FAA0006C5776 /* LandmarksTests.swift */; };
		337FB8FA28F0FAA0006C5776 /* LandmarksUITests.swift in Sources */ = {isa = PBXBuildFile; fileRef = 337FB8F928F0FAA0006C5776 /* LandmarksUITests.swift */; };
		337FB8FC28F0FAA0006C5776 /* LandmarksUITestsLaunchTests.swift in Sources */ = {isa = PBXBuildFile; fileRef = 337FB8FB28F0FAA0006C5776 /* LandmarksUITestsLaunchTests.swift */; };
		337FB90928F0FE53006C5776 /* CircleImage.swift in Sources */ = {isa = PBXBuildFile; fileRef = 337FB90828F0FE53006C5776 /* CircleImage.swift */; };
		337FB90B28F0FEE2006C5776 /* MapView.swift in Sources */ = {isa = PBXBuildFile; fileRef = 337FB90A28F0FEE2006C5776 /* MapView.swift */; };
		337FB90D29057C70006C5776 /* landmarkData.json in Resources */ = {isa = PBXBuildFile; fileRef = 337FB90C29057C70006C5776 /* landmarkData.json */; };
		337FB90F29057C97006C5776 /* Landmark.swift in Sources */ = {isa = PBXBuildFile; fileRef = 337FB90E29057C97006C5776 /* Landmark.swift */; };
		337FB91129057D6E006C5776 /* ModelData.swift in Sources */ = {isa = PBXBuildFile; fileRef = 337FB91029057D6E006C5776 /* ModelData.swift */; };
		337FB91629057E6B006C5776 /* LandmarkRow.swift in Sources */ = {isa = PBXBuildFile; fileRef = 337FB91529057E6B006C5776 /* LandmarkRow.swift */; };
		337FB9182905802A006C5776 /* LandmarkList.swift in Sources */ = {isa = PBXBuildFile; fileRef = 337FB9172905802A006C5776 /* LandmarkList.swift */; };
		337FB91A290580BD006C5776 /* LandmarkDetail.swift in Sources */ = {isa = PBXBuildFile; fileRef = 337FB919290580BD006C5776 /* LandmarkDetail.swift */; };
/* End PBXBuildFile section */

/* Begin PBXContainerItemProxy section */
		337FB8EC28F0FAA0006C5776 /* PBXContainerItemProxy */ = {
			isa = PBXContainerItemProxy;
			containerPortal = 337FB8D328F0FA9F006C5776 /* Project object */;
			proxyType = 1;
			remoteGlobalIDString = 337FB8DA28F0FA9F006C5776;
			remoteInfo = Landmarks;
		};
		337FB8F628F0FAA0006C5776 /* PBXContainerItemProxy */ = {
			isa = PBXContainerItemProxy;
			containerPortal = 337FB8D328F0FA9F006C5776 /* Project object */;
			proxyType = 1;
			remoteGlobalIDString = 337FB8DA28F0FA9F006C5776;
			remoteInfo = Landmarks;
		};
/* End PBXContainerItemProxy section */

/* Begin PBXFileReference section */
		337FB8DB28F0FA9F006C5776 /* Landmarks.app */ = {isa = PBXFileReference; explicitFileType = wrapper.application; includeInIndex = 0; path = Landmarks.app; sourceTree = BUILT_PRODUCTS_DIR; };
		337FB8DE28F0FA9F006C5776 /* LandmarksApp.swift */ = {isa = PBXFileReference; lastKnownFileType = sourcecode.swift; path = LandmarksApp.swift; sourceTree = "<group>"; };
		337FB8E028F0FA9F006C5776 /* ContentView.swift */ = {isa = PBXFileReference; lastKnownFileType = sourcecode.swift; path = ContentView.swift; sourceTree = "<group>"; };
		337FB8E228F0FAA0006C5776 /* Assets.xcassets */ = {isa = PBXFileReference; lastKnownFileType = folder.assetcatalog; path = Assets.xcassets; sourceTree = "<group>"; };
		337FB8E528F0FAA0006C5776 /* Preview Assets.xcassets */ = {isa = PBXFileReference; lastKnownFileType = folder.assetcatalog; path = "Preview Assets.xcassets"; sourceTree = "<group>"; };
		337FB8EB28F0FAA0006C5776 /* LandmarksTests.xctest */ = {isa = PBXFileReference; explicitFileType = wrapper.cfbundle; includeInIndex = 0; path = LandmarksTests.xctest; sourceTree = BUILT_PRODUCTS_DIR; };
		337FB8EF28F0FAA0006C5776 /* LandmarksTests.swift */ = {isa = PBXFileReference; lastKnownFileType = sourcecode.swift; path = LandmarksTests.swift; sourceTree = "<group>"; };
		337FB8F528F0FAA0006C5776 /* LandmarksUITests.xctest */ = {isa = PBXFileReference; explicitFileType = wrapper.cfbundle; includeInIndex = 0; path = LandmarksUITests.xctest; sourceTree = BUILT_PRODUCTS_DIR; };
		337FB8F928F0FAA0006C5776 /* LandmarksUITests.swift */ = {isa = PBXFileReference; lastKnownFileType = sourcecode.swift; path = LandmarksUITests.swift; sourceTree = "<group>"; };
		337FB8FB28F0FAA0006C5776 /* LandmarksUITestsLaunchTests.swift */ = {isa = PBXFileReference; lastKnownFileType = sourcecode.swift; path = LandmarksUITestsLaunchTests.swift; sourceTree = "<group>"; };
		337FB90828F0FE53006C5776 /* CircleImage.swift */ = {isa = PBXFileReference; lastKnownFileType = sourcecode.swift; path = CircleImage.swift; sourceTree = "<group>"; };
		337FB90A28F0FEE2006C5776 /* MapView.swift */ = {isa = PBXFileReference; lastKnownFileType = sourcecode.swift; path = MapView.swift; sourceTree = "<group>"; };
		337FB90C29057C70006C5776 /* landmarkData.json */ = {isa = PBXFileReference; fileEncoding = 4; lastKnownFileType = text.json; path = landmarkData.json; sourceTree = "<group>"; };
		337FB90E29057C97006C5776 /* Landmark.swift */ = {isa = PBXFileReference; lastKnownFileType = sourcecode.swift; path = Landmark.swift; sourceTree = "<group>"; };
		337FB91029057D6E006C5776 /* ModelData.swift */ = {isa = PBXFileReference; lastKnownFileType = sourcecode.swift; path = ModelData.swift; sourceTree = "<group>"; };
		337FB91529057E6B006C5776 /* LandmarkRow.swift */ = {isa = PBXFileReference; lastKnownFileType = sourcecode.swift; path = LandmarkRow.swift; sourceTree = "<group>"; };
		337FB9172905802A006C5776 /* LandmarkList.swift */ = {isa = PBXFileReference; lastKnownFileType = sourcecode.swift; path = LandmarkList.swift; sourceTree = "<group>"; };
		337FB919290580BD006C5776 /* LandmarkDetail.swift */ = {isa = PBXFileReference; lastKnownFileType = sourcecode.swift; path = LandmarkDetail.swift; sourceTree = "<group>"; };
/* End PBXFileReference section */

/* Begin PBXFrameworksBuildPhase section */
		337FB8D828F0FA9F006C5776 /* Frameworks */ = {
			isa = PBXFrameworksBuildPhase;
			buildActionMask = 2147483647;
			files = (
			);
			runOnlyForDeploymentPostprocessing = 0;
		};
		337FB8E828F0FAA0006C5776 /* Frameworks */ = {
			isa = PBXFrameworksBuildPhase;
			buildActionMask = 2147483647;
			files = (
			);
			runOnlyForDeploymentPostprocessing = 0;
		};
		337FB8F228F0FAA0006C5776 /* Frameworks */ = {
			isa = PBXFrameworksBuildPhase;
			buildActionMask = 2147483647;
			files = (
			);
			runOnlyForDeploymentPostprocessing = 0;
		};
/* End PBXFrameworksBuildPhase section */

/* Begin PBXGroup section */
		337FB8D228F0FA9F006C5776 = {
			isa = PBXGroup;
			children = (
				337FB8DD28F0FA9F006C5776 /* Landmarks */,
				337FB8EE28F0FAA0006C5776 /* LandmarksTests */,
				337FB8F828F0FAA0006C5776 /* LandmarksUITests */,
				337FB8DC28F0FA9F006C5776 /* Products */,
			);
			sourceTree = "<group>";
		};
		337FB8DC28F0FA9F006C5776 /* Products */ = {
			isa = PBXGroup;
			children = (
				337FB8DB28F0FA9F006C5776 /* Landmarks.app */,
				337FB8EB28F0FAA0006C5776 /* LandmarksTests.xctest */,
				337FB8F528F0FAA0006C5776 /* LandmarksUITests.xctest */,
			);
			name = Products;
			sourceTree = "<group>";
		};
		337FB8DD28F0FA9F006C5776 /* Landmarks */ = {
			isa = PBXGroup;
			children = (
				337FB8DE28F0FA9F006C5776 /* LandmarksApp.swift */,
				337FB91329057DEA006C5776 /* Resrouces */,
				337FB91429057E1B006C5776 /* Model */,
				337FB91229057DBB006C5776 /* Views */,
				337FB8E228F0FAA0006C5776 /* Assets.xcassets */,
				337FB8E428F0FAA0006C5776 /* Preview Content */,
			);
			path = Landmarks;
			sourceTree = "<group>";
		};
		337FB8E428F0FAA0006C5776 /* Preview Content */ = {
			isa = PBXGroup;
			children = (
				337FB8E528F0FAA0006C5776 /* Preview Assets.xcassets */,
			);
			path = "Preview Content";
			sourceTree = "<group>";
		};
		337FB8EE28F0FAA0006C5776 /* LandmarksTests */ = {
			isa = PBXGroup;
			children = (
				337FB8EF28F0FAA0006C5776 /* LandmarksTests.swift */,
			);
			path = LandmarksTests;
			sourceTree = "<group>";
		};
		337FB8F828F0FAA0006C5776 /* LandmarksUITests */ = {
			isa = PBXGroup;
			children = (
				337FB8F928F0FAA0006C5776 /* LandmarksUITests.swift */,
				337FB8FB28F0FAA0006C5776 /* LandmarksUITestsLaunchTests.swift */,
			);
			path = LandmarksUITests;
			sourceTree = "<group>";
		};
		337FB91229057DBB006C5776 /* Views */ = {
			isa = PBXGroup;
			children = (
				337FB90828F0FE53006C5776 /* CircleImage.swift */,
				337FB8E028F0FA9F006C5776 /* ContentView.swift */,
				337FB90A28F0FEE2006C5776 /* MapView.swift */,
				337FB91529057E6B006C5776 /* LandmarkRow.swift */,
				337FB9172905802A006C5776 /* LandmarkList.swift */,
				337FB919290580BD006C5776 /* LandmarkDetail.swift */,
			);
			path = Views;
			sourceTree = "<group>";
		};
		337FB91329057DEA006C5776 /* Resrouces */ = {
			isa = PBXGroup;
			children = (
				337FB90C29057C70006C5776 /* landmarkData.json */,
			);
			path = Resrouces;
			sourceTree = "<group>";
		};
		337FB91429057E1B006C5776 /* Model */ = {
			isa = PBXGroup;
			children = (
				337FB90E29057C97006C5776 /* Landmark.swift */,
				337FB91029057D6E006C5776 /* ModelData.swift */,
			);
			path = Model;
			sourceTree = "<group>";
		};
/* End PBXGroup section */

/* Begin PBXNativeTarget section */
		337FB8DA28F0FA9F006C5776 /* Landmarks */ = {
			isa = PBXNativeTarget;
			buildConfigurationList = 337FB8FF28F0FAA0006C5776 /* Build configuration list for PBXNativeTarget "Landmarks" */;
			buildPhases = (
				337FB8D728F0FA9F006C5776 /* Sources */,
				337FB8D828F0FA9F006C5776 /* Frameworks */,
				337FB8D928F0FA9F006C5776 /* Resources */,
			);
			buildRules = (
			);
			dependencies = (
			);
			name = Landmarks;
			productName = Landmarks;
			productReference = 337FB8DB28F0FA9F006C5776 /* Landmarks.app */;
			productType = "com.apple.product-type.application";
		};
		337FB8EA28F0FAA0006C5776 /* LandmarksTests */ = {
			isa = PBXNativeTarget;
			buildConfigurationList = 337FB90228F0FAA0006C5776 /* Build configuration list for PBXNativeTarget "LandmarksTests" */;
			buildPhases = (
				337FB8E728F0FAA0006C5776 /* Sources */,
				337FB8E828F0FAA0006C5776 /* Frameworks */,
				337FB8E928F0FAA0006C5776 /* Resources */,
			);
			buildRules = (
			);
			dependencies = (
				337FB8ED28F0FAA0006C5776 /* PBXTargetDependency */,
			);
			name = LandmarksTests;
			productName = LandmarksTests;
			productReference = 337FB8EB28F0FAA0006C5776 /* LandmarksTests.xctest */;
			productType = "com.apple.product-type.bundle.unit-test";
		};
		337FB8F428F0FAA0006C5776 /* LandmarksUITests */ = {
			isa = PBXNativeTarget;
			buildConfigurationList = 337FB90528F0FAA0006C5776 /* Build configuration list for PBXNativeTarget "LandmarksUITests" */;
			buildPhases = (
				337FB8F128F0FAA0006C5776 /* Sources */,
				337FB8F228F0FAA0006C5776 /* Frameworks */,
				337FB8F328F0FAA0006C5776 /* Resources */,
			);
			buildRules = (
			);
			dependencies = (
				337FB8F728F0FAA0006C5776 /* PBXTargetDependency */,
			);
			name = LandmarksUITests;
			productName = LandmarksUITests;
			productReference = 337FB8F528F0FAA0006C5776 /* LandmarksUITests.xctest */;
			productType = "com.apple.product-type.bundle.ui-testing";
		};
/* End PBXNativeTarget section */

/* Begin PBXProject section */
		337FB8D328F0FA9F006C5776 /* Project object */ = {
			isa = PBXProject;
			attributes = {
				BuildIndependentTargetsInParallel = 1;
				LastSwiftUpdateCheck = 1400;
				LastUpgradeCheck = 1400;
				TargetAttributes = {
					337FB8DA28F0FA9F006C5776 = {
						CreatedOnToolsVersion = 14.0.1;
					};
					337FB8EA28F0FAA0006C5776 = {
						CreatedOnToolsVersion = 14.0.1;
						TestTargetID = 337FB8DA28F0FA9F006C5776;
					};
					337FB8F428F0FAA0006C5776 = {
						CreatedOnToolsVersion = 14.0.1;
						TestTargetID = 337FB8DA28F0FA9F006C5776;
					};
				};
			};
			buildConfigurationList = 337FB8D628F0FA9F006C5776 /* Build configuration list for PBXProject "Landmarks" */;
			compatibilityVersion = "Xcode 14.0";
			developmentRegion = en;
			hasScannedForEncodings = 0;
			knownRegions = (
				en,
				Base,
			);
			mainGroup = 337FB8D228F0FA9F006C5776;
			productRefGroup = 337FB8DC28F0FA9F006C5776 /* Products */;
			projectDirPath = "";
			projectRoot = "";
			targets = (
				337FB8DA28F0FA9F006C5776 /* Landmarks */,
				337FB8EA28F0FAA0006C5776 /* LandmarksTests */,
				337FB8F428F0FAA0006C5776 /* LandmarksUITests */,
			);
		};
/* End PBXProject section */

/* Begin PBXResourcesBuildPhase section */
		337FB8D928F0FA9F006C5776 /* Resources */ = {
			isa = PBXResourcesBuildPhase;
			buildActionMask = 2147483647;
			files = (
				337FB8E628F0FAA0006C5776 /* Preview Assets.xcassets in Resources */,
				337FB8E328F0FAA0006C5776 /* Assets.xcassets in Resources */,
				337FB90D29057C70006C5776 /* landmarkData.json in Resources */,
			);
			runOnlyForDeploymentPostprocessing = 0;
		};
		337FB8E928F0FAA0006C5776 /* Resources */ = {
			isa = PBXResourcesBuildPhase;
			buildActionMask = 2147483647;
			files = (
			);
			runOnlyForDeploymentPostprocessing = 0;
		};
		337FB8F328F0FAA0006C5776 /* Resources */ = {
			isa = PBXResourcesBuildPhase;
			buildActionMask = 2147483647;
			files = (
			);
			runOnlyForDeploymentPostprocessing = 0;
		};
/* End PBXResourcesBuildPhase section */

/* Begin PBXSourcesBuildPhase section */
		337FB8D728F0FA9F006C5776 /* Sources */ = {
			isa = PBXSourcesBuildPhase;
			buildActionMask = 2147483647;
			files = (
				337FB8E128F0FA9F006C5776 /* ContentView.swift in Sources */,
				337FB90B28F0FEE2006C5776 /* MapView.swift in Sources */,
				337FB8DF28F0FA9F006C5776 /* LandmarksApp.swift in Sources */,
				337FB9182905802A006C5776 /* LandmarkList.swift in Sources */,
				337FB91A290580BD006C5776 /* LandmarkDetail.swift in Sources */,
				337FB90928F0FE53006C5776 /* CircleImage.swift in Sources */,
				337FB90F29057C97006C5776 /* Landmark.swift in Sources */,
				337FB91629057E6B006C5776 /* LandmarkRow.swift in Sources */,
				337FB91129057D6E006C5776 /* ModelData.swift in Sources */,
			);
			runOnlyForDeploymentPostprocessing = 0;
		};
		337FB8E728F0FAA0006C5776 /* Sources */ = {
			isa = PBXSourcesBuildPhase;
			buildActionMask = 2147483647;
			files = (
				337FB8F028F0FAA0006C5776 /* LandmarksTests.swift in Sources */,
			);
			runOnlyForDeploymentPostprocessing = 0;
		};
		337FB8F128F0FAA0006C5776 /* Sources */ = {
			isa = PBXSourcesBuildPhase;
			buildActionMask = 2147483647;
			files = (
				337FB8FC28F0FAA0006C5776 /* LandmarksUITestsLaunchTests.swift in Sources */,
				337FB8FA28F0FAA0006C5776 /* LandmarksUITests.swift in Sources */,
			);
			runOnlyForDeploymentPostprocessing = 0;
		};
/* End PBXSourcesBuildPhase section */

/* Begin PBXTargetDependency section */
		337FB8ED28F0FAA0006C5776 /* PBXTargetDependency */ = {
			isa = PBXTargetDependency;
			target = 337FB8DA28F0FA9F006C5776 /* Landmarks */;
			targetProxy = 337FB8EC28F0FAA0006C5776 /* PBXContainerItemProxy */;
		};
		337FB8F728F0FAA0006C5776 /* PBXTargetDependency */ = {
			isa = PBXTargetDependency;
			target = 337FB8DA28F0FA9F006C5776 /* Landmarks */;
			targetProxy = 337FB8F628F0FAA0006C5776 /* PBXContainerItemProxy */;
		};
/* End PBXTargetDependency section */

/* Begin XCBuildConfiguration section */
		337FB8FD28F0FAA0006C5776 /* Debug */ = {
			isa = XCBuildConfiguration;
			buildSettings = {
				ALWAYS_SEARCH_USER_PATHS = NO;
				CLANG_ANALYZER_NONNULL = YES;
				CLANG_ANALYZER_NUMBER_OBJECT_CONVERSION = YES_AGGRESSIVE;
				CLANG_CXX_LANGUAGE_STANDARD = "gnu++20";
				CLANG_ENABLE_MODULES = YES;
				CLANG_ENABLE_OBJC_ARC = YES;
				CLANG_ENABLE_OBJC_WEAK = YES;
				CLANG_WARN_BLOCK_CAPTURE_AUTORELEASING = YES;
				CLANG_WARN_BOOL_CONVERSION = YES;
				CLANG_WARN_COMMA = YES;
				CLANG_WARN_CONSTANT_CONVERSION = YES;
				CLANG_WARN_DEPRECATED_OBJC_IMPLEMENTATIONS = YES;
				CLANG_WARN_DIRECT_OBJC_ISA_USAGE = YES_ERROR;
				CLANG_WARN_DOCUMENTATION_COMMENTS = YES;
				CLANG_WARN_EMPTY_BODY = YES;
				CLANG_WARN_ENUM_CONVERSION = YES;
				CLANG_WARN_INFINITE_RECURSION = YES;
				CLANG_WARN_INT_CONVERSION = YES;
				CLANG_WARN_NON_LITERAL_NULL_CONVERSION = YES;
				CLANG_WARN_OBJC_IMPLICIT_RETAIN_SELF = YES;
				CLANG_WARN_OBJC_LITERAL_CONVERSION = YES;
				CLANG_WARN_OBJC_ROOT_CLASS = YES_ERROR;
				CLANG_WARN_QUOTED_INCLUDE_IN_FRAMEWORK_HEADER = YES;
				CLANG_WARN_RANGE_LOOP_ANALYSIS = YES;
				CLANG_WARN_STRICT_PROTOTYPES = YES;
				CLANG_WARN_SUSPICIOUS_MOVE = YES;
				CLANG_WARN_UNGUARDED_AVAILABILITY = YES_AGGRESSIVE;
				CLANG_WARN_UNREACHABLE_CODE = YES;
				CLANG_WARN__DUPLICATE_METHOD_MATCH = YES;
				COPY_PHASE_STRIP = NO;
				DEBUG_INFORMATION_FORMAT = dwarf;
				ENABLE_STRICT_OBJC_MSGSEND = YES;
				ENABLE_TESTABILITY = YES;
				GCC_C_LANGUAGE_STANDARD = gnu11;
				GCC_DYNAMIC_NO_PIC = NO;
				GCC_NO_COMMON_BLOCKS = YES;
				GCC_OPTIMIZATION_LEVEL = 0;
				GCC_PREPROCESSOR_DEFINITIONS = (
					"DEBUG=1",
					"$(inherited)",
				);
				GCC_WARN_64_TO_32_BIT_CONVERSION = YES;
				GCC_WARN_ABOUT_RETURN_TYPE = YES_ERROR;
				GCC_WARN_UNDECLARED_SELECTOR = YES;
				GCC_WARN_UNINITIALIZED_AUTOS = YES_AGGRESSIVE;
				GCC_WARN_UNUSED_FUNCTION = YES;
				GCC_WARN_UNUSED_VARIABLE = YES;
				IPHONEOS_DEPLOYMENT_TARGET = 16.0;
				MTL_ENABLE_DEBUG_INFO = INCLUDE_SOURCE;
				MTL_FAST_MATH = YES;
				ONLY_ACTIVE_ARCH = YES;
				SDKROOT = iphoneos;
				SWIFT_ACTIVE_COMPILATION_CONDITIONS = DEBUG;
				SWIFT_OPTIMIZATION_LEVEL = "-Onone";
			};
			name = Debug;
		};
		337FB8FE28F0FAA0006C5776 /* Release */ = {
			isa = XCBuildConfiguration;
			buildSettings = {
				ALWAYS_SEARCH_USER_PATHS = NO;
				CLANG_ANALYZER_NONNULL = YES;
				CLANG_ANALYZER_NUMBER_OBJECT_CONVERSION = YES_AGGRESSIVE;
				CLANG_CXX_LANGUAGE_STANDARD = "gnu++20";
				CLANG_ENABLE_MODULES = YES;
				CLANG_ENABLE_OBJC_ARC = YES;
				CLANG_ENABLE_OBJC_WEAK = YES;
				CLANG_WARN_BLOCK_CAPTURE_AUTORELEASING = YES;
				CLANG_WARN_BOOL_CONVERSION = YES;
				CLANG_WARN_COMMA = YES;
				CLANG_WARN_CONSTANT_CONVERSION = YES;
				CLANG_WARN_DEPRECATED_OBJC_IMPLEMENTATIONS = YES;
				CLANG_WARN_DIRECT_OBJC_ISA_USAGE = YES_ERROR;
				CLANG_WARN_DOCUMENTATION_COMMENTS = YES;
				CLANG_WARN_EMPTY_BODY = YES;
				CLANG_WARN_ENUM_CONVERSION = YES;
				CLANG_WARN_INFINITE_RECURSION = YES;
				CLANG_WARN_INT_CONVERSION = YES;
				CLANG_WARN_NON_LITERAL_NULL_CONVERSION = YES;
				CLANG_WARN_OBJC_IMPLICIT_RETAIN_SELF = YES;
				CLANG_WARN_OBJC_LITERAL_CONVERSION = YES;
				CLANG_WARN_OBJC_ROOT_CLASS = YES_ERROR;
				CLANG_WARN_QUOTED_INCLUDE_IN_FRAMEWORK_HEADER = YES;
				CLANG_WARN_RANGE_LOOP_ANALYSIS = YES;
				CLANG_WARN_STRICT_PROTOTYPES = YES;
				CLANG_WARN_SUSPICIOUS_MOVE = YES;
				CLANG_WARN_UNGUARDED_AVAILABILITY = YES_AGGRESSIVE;
				CLANG_WARN_UNREACHABLE_CODE = YES;
				CLANG_WARN__DUPLICATE_METHOD_MATCH = YES;
				COPY_PHASE_STRIP = NO;
				DEBUG_INFORMATION_FORMAT = "dwarf-with-dsym";
				ENABLE_NS_ASSERTIONS = NO;
				ENABLE_STRICT_OBJC_MSGSEND = YES;
				GCC_C_LANGUAGE_STANDARD = gnu11;
				GCC_NO_COMMON_BLOCKS = YES;
				GCC_WARN_64_TO_32_BIT_CONVERSION = YES;
				GCC_WARN_ABOUT_RETURN_TYPE = YES_ERROR;
				GCC_WARN_UNDECLARED_SELECTOR = YES;
				GCC_WARN_UNINITIALIZED_AUTOS = YES_AGGRESSIVE;
				GCC_WARN_UNUSED_FUNCTION = YES;
				GCC_WARN_UNUSED_VARIABLE = YES;
				IPHONEOS_DEPLOYMENT_TARGET = 16.0;
				MTL_ENABLE_DEBUG_INFO = NO;
				MTL_FAST_MATH = YES;
				SDKROOT = iphoneos;
				SWIFT_COMPILATION_MODE = wholemodule;
				SWIFT_OPTIMIZATION_LEVEL = "-O";
				VALIDATE_PRODUCT = YES;
			};
			name = Release;
		};
		337FB90028F0FAA0006C5776 /* Debug */ = {
			isa = XCBuildConfiguration;
			buildSettings = {
				ASSETCATALOG_COMPILER_APPICON_NAME = AppIcon;
				ASSETCATALOG_COMPILER_GLOBAL_ACCENT_COLOR_NAME = AccentColor;
				CODE_SIGN_STYLE = Automatic;
				CURRENT_PROJECT_VERSION = 1;
				DEVELOPMENT_ASSET_PATHS = "\"Landmarks/Preview Content\"";
				ENABLE_PREVIEWS = YES;
				GENERATE_INFOPLIST_FILE = YES;
				INFOPLIST_KEY_UIApplicationSceneManifest_Generation = YES;
				INFOPLIST_KEY_UIApplicationSupportsIndirectInputEvents = YES;
				INFOPLIST_KEY_UILaunchScreen_Generation = YES;
				INFOPLIST_KEY_UISupportedInterfaceOrientations_iPad = "UIInterfaceOrientationPortrait UIInterfaceOrientationPortraitUpsideDown UIInterfaceOrientationLandscapeLeft UIInterfaceOrientationLandscapeRight";
				INFOPLIST_KEY_UISupportedInterfaceOrientations_iPhone = "UIInterfaceOrientationPortrait UIInterfaceOrientationLandscapeLeft UIInterfaceOrientationLandscapeRight";
				LD_RUNPATH_SEARCH_PATHS = (
					"$(inherited)",
					"@executable_path/Frameworks",
				);
				MARKETING_VERSION = 1.0;
				PRODUCT_BUNDLE_IDENTIFIER = "com.example.apple-samplecode.Landmarks";
				PRODUCT_NAME = "$(TARGET_NAME)";
				SWIFT_EMIT_LOC_STRINGS = YES;
				SWIFT_VERSION = 5.0;
				TARGETED_DEVICE_FAMILY = "1,2";
			};
			name = Debug;
		};
		337FB90128F0FAA0006C5776 /* Release */ = {
			isa = XCBuildConfiguration;
			buildSettings = {
				ASSETCATALOG_COMPILER_APPICON_NAME = AppIcon;
				ASSETCATALOG_COMPILER_GLOBAL_ACCENT_COLOR_NAME = AccentColor;
				CODE_SIGN_STYLE = Automatic;
				CURRENT_PROJECT_VERSION = 1;
				DEVELOPMENT_ASSET_PATHS = "\"Landmarks/Preview Content\"";
				ENABLE_PREVIEWS = YES;
				GENERATE_INFOPLIST_FILE = YES;
				INFOPLIST_KEY_UIApplicationSceneManifest_Generation = YES;
				INFOPLIST_KEY_UIApplicationSupportsIndirectInputEvents = YES;
				INFOPLIST_KEY_UILaunchScreen_Generation = YES;
				INFOPLIST_KEY_UISupportedInterfaceOrientations_iPad = "UIInterfaceOrientationPortrait UIInterfaceOrientationPortraitUpsideDown UIInterfaceOrientationLandscapeLeft UIInterfaceOrientationLandscapeRight";
				INFOPLIST_KEY_UISupportedInterfaceOrientations_iPhone = "UIInterfaceOrientationPortrait UIInterfaceOrientationLandscapeLeft UIInterfaceOrientationLandscapeRight";
				LD_RUNPATH_SEARCH_PATHS = (
					"$(inherited)",
					"@executable_path/Frameworks",
				);
				MARKETING_VERSION = 1.0;
				PRODUCT_BUNDLE_IDENTIFIER = "com.example.apple-samplecode.Landmarks";
				PRODUCT_NAME = "$(TARGET_NAME)";
				SWIFT_EMIT_LOC_STRINGS = YES;
				SWIFT_VERSION = 5.0;
				TARGETED_DEVICE_FAMILY = "1,2";
			};
			name = Release;
		};
		337FB90328F0FAA0006C5776 /* Debug */ = {
			isa = XCBuildConfiguration;
			buildSettings = {
				ALWAYS_EMBED_SWIFT_STANDARD_LIBRARIES = YES;
				BUNDLE_LOADER = "$(TEST_HOST)";
				CODE_SIGN_STYLE = Automatic;
				CURRENT_PROJECT_VERSION = 1;
				GENERATE_INFOPLIST_FILE = YES;
				IPHONEOS_DEPLOYMENT_TARGET = 16.0;
				MARKETING_VERSION = 1.0;
				PRODUCT_BUNDLE_IDENTIFIER = "com.example.apple-samplecode.LandmarksTests";
				PRODUCT_NAME = "$(TARGET_NAME)";
				SWIFT_EMIT_LOC_STRINGS = NO;
				SWIFT_VERSION = 5.0;
				TARGETED_DEVICE_FAMILY = "1,2";
				TEST_HOST = "$(BUILT_PRODUCTS_DIR)/Landmarks.app/$(BUNDLE_EXECUTABLE_FOLDER_PATH)/Landmarks";
			};
			name = Debug;
		};
		337FB90428F0FAA0006C5776 /* Release */ = {
			isa = XCBuildConfiguration;
			buildSettings = {
				ALWAYS_EMBED_SWIFT_STANDARD_LIBRARIES = YES;
				BUNDLE_LOADER = "$(TEST_HOST)";
				CODE_SIGN_STYLE = Automatic;
				CURRENT_PROJECT_VERSION = 1;
				GENERATE_INFOPLIST_FILE = YES;
				IPHONEOS_DEPLOYMENT_TARGET = 16.0;
				MARKETING_VERSION = 1.0;
				PRODUCT_BUNDLE_IDENTIFIER = "com.example.apple-samplecode.LandmarksTests";
				PRODUCT_NAME = "$(TARGET_NAME)";
				SWIFT_EMIT_LOC_STRINGS = NO;
				SWIFT_VERSION = 5.0;
				TARGETED_DEVICE_FAMILY = "1,2";
				TEST_HOST = "$(BUILT_PRODUCTS_DIR)/Landmarks.app/$(BUNDLE_EXECUTABLE_FOLDER_PATH)/Landmarks";
			};
			name = Release;
		};
		337FB90628F0FAA0006C5776 /* Debug */ = {
			isa = XCBuildConfiguration;
			buildSettings = {
				ALWAYS_EMBED_SWIFT_STANDARD_LIBRARIES = YES;
				CODE_SIGN_STYLE = Automatic;
				CURRENT_PROJECT_VERSION = 1;
				GENERATE_INFOPLIST_FILE = YES;
				MARKETING_VERSION = 1.0;
				PRODUCT_BUNDLE_IDENTIFIER = "com.example.apple-samplecode.LandmarksUITests";
				PRODUCT_NAME = "$(TARGET_NAME)";
				SWIFT_EMIT_LOC_STRINGS = NO;
				SWIFT_VERSION = 5.0;
				TARGETED_DEVICE_FAMILY = "1,2";
				TEST_TARGET_NAME = Landmarks;
			};
			name = Debug;
		};
		337FB90728F0FAA0006C5776 /* Release */ = {
			isa = XCBuildConfiguration;
			buildSettings = {
				ALWAYS_EMBED_SWIFT_STANDARD_LIBRARIES = YES;
				CODE_SIGN_STYLE = Automatic;
				CURRENT_PROJECT_VERSION = 1;
				GENERATE_INFOPLIST_FILE = YES;
				MARKETING_VERSION = 1.0;
				PRODUCT_BUNDLE_IDENTIFIER = "com.example.apple-samplecode.LandmarksUITests";
				PRODUCT_NAME = "$(TARGET_NAME)";
				SWIFT_EMIT_LOC_STRINGS = NO;
				SWIFT_VERSION = 5.0;
				TARGETED_DEVICE_FAMILY = "1,2";
				TEST_TARGET_NAME = Landmarks;
			};
			name = Release;
		};
/* End XCBuildConfiguration section */

/* Begin XCConfigurationList section */
		337FB8D628F0FA9F006C5776 /* Build configuration list for PBXProject "Landmarks" */ = {
			isa = XCConfigurationList;
			buildConfigurations = (
				337FB8FD28F0FAA0006C5776 /* Debug */,
				337FB8FE28F0FAA0006C5776 /* Release */,
			);
			defaultConfigurationIsVisible = 0;
			defaultConfigurationName = Release;
		};
		337FB8FF28F0FAA0006C5776 /* Build configuration list for PBXNativeTarget "Landmarks" */ = {
			isa = XCConfigurationList;
			buildConfigurations = (
				337FB90028F0FAA0006C5776 /* Debug */,
				337FB90128F0FAA0006C5776 /* Release */,
			);
			defaultConfigurationIsVisible = 0;
			defaultConfigurationName = Release;
		};
		337FB90228F0FAA0006C5776 /* Build configuration list for PBXNativeTarget "LandmarksTests" */ = {
			isa = XCConfigurationList;
			buildConfigurations = (
				337FB90328F0FAA0006C5776 /* Debug */,
				337FB90428F0FAA0006C5776 /* Release */,
			);
			defaultConfigurationIsVisible = 0;
			defaultConfigurationName = Release;
		};
		337FB90528F0FAA0006C5776 /* Build configuration list for PBXNativeTarget "LandmarksUITests" */ = {
			isa = XCConfigurationList;
			buildConfigurations = (
				337FB90628F0FAA0006C5776 /* Debug */,
				337FB90728F0FAA0006C5776 /* Release */,
			);
			defaultConfigurationIsVisible = 0;
			defaultConfigurationName = Release;
		};
/* End XCConfigurationList section */
	};
	rootObject = 337FB8D328F0FA9F006C5776 /* Project object */;
}
